
Microsoft Visual Studio Solution File, Format Version 12.00
# Visual Studio Version 16
VisualStudioVersion = 16.0.31424.327
MinimumVisualStudioVersion = 10.0.40219.1
Project("{FAE04EC0-301F-11D3-BF4B-00C04F79EFBC}") = "SolrSearchSystem", "SolrSearchSystem\SolrSearchSystem.csproj", "{C11EB5CE-1C17-43C6-9C5D-C51F134BDE9D}"
EndProject
Global
	GlobalSection(SolutionConfigurationPlatforms) = preSolution
		Debug|Any CPU = Debug|Any CPU
		Release|Any CPU = Release|Any CPU
	EndGlobalSection
	GlobalSection(ProjectConfigurationPlatforms) = postSolution
		{C11EB5CE-1C17-43C6-9C5D-C51F134BDE9D}.Debug|Any CPU.ActiveCfg = Debug|Any CPU
		{C11EB5CE-1C17-43C6-9C5D-C51F134BDE9D}.Debug|Any CPU.Build.0 = Debug|Any CPU
		{C11EB5CE-1C17-43C6-9C5D-C51F134BDE9D}.Release|Any CPU.ActiveCfg = Release|Any CPU
		{C11EB5CE-1C17-43C6-9C5D-C51F134BDE9D}.Release|Any CPU.Build.0 = Release|Any CPU
	EndGlobalSection
	GlobalSection(SolutionProperties) = preSolution
		HideSolutionNode = FALSE
	EndGlobalSection
	GlobalSection(ExtensibilityGlobals) = postSolution
		SolutionGuid = {E882C672-7B69-414E-97DE-90220EF970BB}
	EndGlobalSection
EndGlobal
